# This file is automatically @generated by Cargo.
# It is not intended for manual editing.
[[package]]
name = "endio"
version = "0.1.0"
source = "registry+https://github.com/rust-lang/crates.io-index"

[[package]]
name = "lu_packets"
version = "0.1.0"
dependencies = [
 "endio 0.1.0 (registry+https://github.com/rust-lang/crates.io-index)",
]

[metadata]
"checksum endio 0.1.0 (registry+https://github.com/rust-lang/crates.io-index)" = "90b1bf74d0f2266e71301801e003d7b0639c91a0630402c1b8fc3a1eef2a6dbd"
