# This file is automatically @generated by Cargo.
# It is not intended for manual editing.
[[package]]
name = "adler"
version = "0.2.2"
source = "registry+https://github.com/rust-lang/crates.io-index"
checksum = "ccc9a9dd069569f212bc4330af9f17c4afb5e8ce185e83dbb14f1349dda18b10"

[[package]]
name = "bzip2"
version = "0.3.3"
source = "registry+https://github.com/rust-lang/crates.io-index"
checksum = "42b7c3cbf0fa9c1b82308d57191728ca0256cb821220f4e2fd410a72ade26e3b"
dependencies = [
 "bzip2-sys",
 "libc",
]

[[package]]
name = "bzip2-sys"
version = "0.1.9+1.0.8"
source = "registry+https://github.com/rust-lang/crates.io-index"
checksum = "ad3b39a260062fca31f7b0b12f207e8f2590a67d32ec7d59c20484b07ea7285e"
dependencies = [
 "cc",
 "libc",
 "pkg-config",
]

[[package]]
name = "cc"
version = "1.0.58"
source = "registry+https://github.com/rust-lang/crates.io-index"
checksum = "f9a06fb2e53271d7c279ec1efea6ab691c35a2ae67ec0d91d7acec0caf13b518"

[[package]]
name = "cfg-if"
version = "0.1.10"
source = "registry+https://github.com/rust-lang/crates.io-index"
checksum = "4785bdd1c96b2a846b2bd7cc02e86b6b3dbf14e7e53446c4f54c92a361040822"

[[package]]
name = "crc32fast"
version = "1.2.0"
source = "registry+https://github.com/rust-lang/crates.io-index"
checksum = "ba125de2af0df55319f41944744ad91c71113bf74a4646efff39afe1f6842db1"
dependencies = [
 "cfg-if",
]

[[package]]
name = "endio"
version = "0.2.0"
source = "git+https://github.com/lcdr/endio?rev=6e988eed6d9d3b1fa0edde34062edfb3b01d344a#6e988eed6d9d3b1fa0edde34062edfb3b01d344a"
dependencies = [
 "endio_derive",
]

[[package]]
name = "endio_bit"
version = "0.1.0"
source = "git+https://github.com/lcdr/endio_bit?rev=46b1b0eda359dd85b5eabf9714e839c3728c75af#46b1b0eda359dd85b5eabf9714e839c3728c75af"

[[package]]
name = "endio_derive"
version = "0.2.0"
source = "git+https://github.com/lcdr/endio?rev=6e988eed6d9d3b1fa0edde34062edfb3b01d344a#6e988eed6d9d3b1fa0edde34062edfb3b01d344a"
dependencies = [
 "proc-macro2",
 "quote",
 "syn",
]

[[package]]
name = "flate2"
version = "1.0.16"
source = "registry+https://github.com/rust-lang/crates.io-index"
checksum = "68c90b0fc46cf89d227cc78b40e494ff81287a92dd07631e5af0d06fe3cf885e"
dependencies = [
 "cfg-if",
 "crc32fast",
 "libc",
 "libz-sys",
 "miniz_oxide",
]

[[package]]
name = "libc"
version = "0.2.72"
source = "registry+https://github.com/rust-lang/crates.io-index"
checksum = "a9f8082297d534141b30c8d39e9b1773713ab50fdbe4ff30f750d063b3bfd701"

[[package]]
name = "libz-sys"
version = "1.1.2"
source = "registry+https://github.com/rust-lang/crates.io-index"
checksum = "602113192b08db8f38796c4e85c39e960c145965140e918018bcde1952429655"
dependencies = [
 "cc",
 "libc",
 "pkg-config",
 "vcpkg",
]

[[package]]
name = "lu_packets"
version = "0.1.0"
dependencies = [
 "endio",
 "endio_bit",
 "flate2",
 "lu_packets_derive",
 "zip",
]

[[package]]
name = "lu_packets_derive"
version = "0.1.0"
dependencies = [
 "proc-macro2",
 "quote",
 "syn",
]

[[package]]
name = "miniz_oxide"
version = "0.4.0"
source = "registry+https://github.com/rust-lang/crates.io-index"
checksum = "be0f75932c1f6cfae3c04000e40114adf955636e19040f9c0a2c380702aa1c7f"
dependencies = [
 "adler",
]

[[package]]
name = "pkg-config"
version = "0.3.17"
source = "registry+https://github.com/rust-lang/crates.io-index"
checksum = "05da548ad6865900e60eaba7f589cc0783590a92e940c26953ff81ddbab2d677"

[[package]]
name = "podio"
version = "0.1.7"
source = "registry+https://github.com/rust-lang/crates.io-index"
checksum = "b18befed8bc2b61abc79a457295e7e838417326da1586050b919414073977f19"

[[package]]
name = "proc-macro2"
version = "1.0.18"
source = "registry+https://github.com/rust-lang/crates.io-index"
checksum = "beae6331a816b1f65d04c45b078fd8e6c93e8071771f41b8163255bbd8d7c8fa"
dependencies = [
 "unicode-xid",
]

[[package]]
name = "quote"
version = "1.0.6"
source = "registry+https://github.com/rust-lang/crates.io-index"
checksum = "54a21852a652ad6f610c9510194f398ff6f8692e334fd1145fed931f7fbe44ea"
dependencies = [
 "proc-macro2",
]

[[package]]
name = "syn"
version = "1.0.30"
source = "registry+https://github.com/rust-lang/crates.io-index"
checksum = "93a56fabc59dce20fe48b6c832cc249c713e7ed88fa28b0ee0a3bfcaae5fe4e2"
dependencies = [
 "proc-macro2",
 "quote",
 "unicode-xid",
]

[[package]]
name = "time"
version = "0.1.43"
source = "registry+https://github.com/rust-lang/crates.io-index"
checksum = "ca8a50ef2360fbd1eeb0ecd46795a87a19024eb4b53c5dc916ca1fd95fe62438"
dependencies = [
 "libc",
 "winapi",
]

[[package]]
name = "unicode-xid"
version = "0.2.0"
source = "registry+https://github.com/rust-lang/crates.io-index"
checksum = "826e7639553986605ec5979c7dd957c7895e93eabed50ab2ffa7f6128a75097c"

[[package]]
name = "vcpkg"
version = "0.2.10"
source = "registry+https://github.com/rust-lang/crates.io-index"
checksum = "6454029bf181f092ad1b853286f23e2c507d8e8194d01d92da4a55c274a5508c"

[[package]]
name = "winapi"
version = "0.3.9"
source = "registry+https://github.com/rust-lang/crates.io-index"
checksum = "5c839a674fcd7a98952e593242ea400abe93992746761e38641405d28b00f419"
dependencies = [
 "winapi-i686-pc-windows-gnu",
 "winapi-x86_64-pc-windows-gnu",
]

[[package]]
name = "winapi-i686-pc-windows-gnu"
version = "0.4.0"
source = "registry+https://github.com/rust-lang/crates.io-index"
checksum = "ac3b87c63620426dd9b991e5ce0329eff545bccbbb34f3be09ff6fb6ab51b7b6"

[[package]]
name = "winapi-x86_64-pc-windows-gnu"
version = "0.4.0"
source = "registry+https://github.com/rust-lang/crates.io-index"
checksum = "712e227841d057c1ee1cd2fb22fa7e5a5461ae8e48fa2ca79ec42cfc1931183f"

[[package]]
name = "zip"
version = "0.5.6"
source = "registry+https://github.com/rust-lang/crates.io-index"
checksum = "58287c28d78507f5f91f2a4cf1e8310e2c76fd4c6932f93ac60fd1ceb402db7d"
dependencies = [
 "bzip2",
 "crc32fast",
 "flate2",
 "podio",
 "time",
]
